
Microsoft Visual Studio Solution File, Format Version 12.00
# Visual Studio Version 16
VisualStudioVersion = 16.0.30711.63
MinimumVisualStudioVersion = 10.0.40219.1
Project("{FAE04EC0-301F-11D3-BF4B-00C04F79EFBC}") = "Studente-Classe", "Studente-Classe\Studente-Classe.csproj", "{A54FF16C-E475-4565-9C45-F8D9C6470DC7}"
EndProject
Global
	GlobalSection(SolutionConfigurationPlatforms) = preSolution
		Debug|Any CPU = Debug|Any CPU
		Release|Any CPU = Release|Any CPU
	EndGlobalSection
	GlobalSection(ProjectConfigurationPlatforms) = postSolution
		{A54FF16C-E475-4565-9C45-F8D9C6470DC7}.Debug|Any CPU.ActiveCfg = Debug|Any CPU
		{A54FF16C-E475-4565-9C45-F8D9C6470DC7}.Debug|Any CPU.Build.0 = Debug|Any CPU
		{A54FF16C-E475-4565-9C45-F8D9C6470DC7}.Release|Any CPU.ActiveCfg = Release|Any CPU
		{A54FF16C-E475-4565-9C45-F8D9C6470DC7}.Release|Any CPU.Build.0 = Release|Any CPU
	EndGlobalSection
	GlobalSection(SolutionProperties) = preSolution
		HideSolutionNode = FALSE
	EndGlobalSection
	GlobalSection(ExtensibilityGlobals) = postSolution
		SolutionGuid = {ED370DFF-DC14-4962-80BC-108D39758908}
	EndGlobalSection
EndGlobal
